
Microsoft Visual Studio Solution File, Format Version 12.00
# Visual Studio Version 17
VisualStudioVersion = 17.0.31903.59
MinimumVisualStudioVersion = 10.0.40219.1
Project("{FAE04EC0-301F-11D3-BF4B-00C04F79EFBC}") = "AvroSchemaGenerator", "src\AvroSchemaGenerator\AvroSchemaGenerator.csproj", "{BA6D1331-BD26-4CE6-9B9D-9988F76B5F3A}"
EndProject
Project("{FAE04EC0-301F-11D3-BF4B-00C04F79EFBC}") = "AvroSchemaGenerator.Tests", "test\AvroSchemaGenerator.Tests\AvroSchemaGenerator.Tests.csproj", "{7BA98089-5FC0-45E7-9296-3C8DAD4D83CF}"
EndProject
Global
	GlobalSection(SolutionConfigurationPlatforms) = preSolution
		Debug|Any CPU = Debug|Any CPU
		Debug|x64 = Debug|x64
		Debug|x86 = Debug|x86
		Release|Any CPU = Release|Any CPU
		Release|x64 = Release|x64
		Release|x86 = Release|x86
	EndGlobalSection
	GlobalSection(ProjectConfigurationPlatforms) = postSolution
		{BA6D1331-BD26-4CE6-9B9D-9988F76B5F3A}.Debug|Any CPU.ActiveCfg = Debug|Any CPU
		{BA6D1331-BD26-4CE6-9B9D-9988F76B5F3A}.Debug|Any CPU.Build.0 = Debug|Any CPU
		{BA6D1331-BD26-4CE6-9B9D-9988F76B5F3A}.Debug|x64.ActiveCfg = Debug|Any CPU
		{BA6D1331-BD26-4CE6-9B9D-9988F76B5F3A}.Debug|x64.Build.0 = Debug|Any CPU
		{BA6D1331-BD26-4CE6-9B9D-9988F76B5F3A}.Debug|x86.ActiveCfg = Debug|Any CPU
		{BA6D1331-BD26-4CE6-9B9D-9988F76B5F3A}.Debug|x86.Build.0 = Debug|Any CPU
		{BA6D1331-BD26-4CE6-9B9D-9988F76B5F3A}.Release|Any CPU.ActiveCfg = Release|Any CPU
		{BA6D1331-BD26-4CE6-9B9D-9988F76B5F3A}.Release|Any CPU.Build.0 = Release|Any CPU
		{BA6D1331-BD26-4CE6-9B9D-9988F76B5F3A}.Release|x64.ActiveCfg = Release|Any CPU
		{BA6D1331-BD26-4CE6-9B9D-9988F76B5F3A}.Release|x64.Build.0 = Release|Any CPU
		{BA6D1331-BD26-4CE6-9B9D-9988F76B5F3A}.Release|x86.ActiveCfg = Release|Any CPU
		{BA6D1331-BD26-4CE6-9B9D-9988F76B5F3A}.Release|x86.Build.0 = Release|Any CPU
		{7BA98089-5FC0-45E7-9296-3C8DAD4D83CF}.Debug|Any CPU.ActiveCfg = Debug|Any CPU
		{7BA98089-5FC0-45E7-9296-3C8DAD4D83CF}.Debug|Any CPU.Build.0 = Debug|Any CPU
		{7BA98089-5FC0-45E7-9296-3C8DAD4D83CF}.Debug|x64.ActiveCfg = Debug|Any CPU
		{7BA98089-5FC0-45E7-9296-3C8DAD4D83CF}.Debug|x64.Build.0 = Debug|Any CPU
		{7BA98089-5FC0-45E7-9296-3C8DAD4D83CF}.Debug|x86.ActiveCfg = Debug|Any CPU
		{7BA98089-5FC0-45E7-9296-3C8DAD4D83CF}.Debug|x86.Build.0 = Debug|Any CPU
		{7BA98089-5FC0-45E7-9296-3C8DAD4D83CF}.Release|Any CPU.ActiveCfg = Release|Any CPU
		{7BA98089-5FC0-45E7-9296-3C8DAD4D83CF}.Release|Any CPU.Build.0 = Release|Any CPU
		{7BA98089-5FC0-45E7-9296-3C8DAD4D83CF}.Release|x64.ActiveCfg = Release|Any CPU
		{7BA98089-5FC0-45E7-9296-3C8DAD4D83CF}.Release|x64.Build.0 = Release|Any CPU
		{7BA98089-5FC0-45E7-9296-3C8DAD4D83CF}.Release|x86.ActiveCfg = Release|Any CPU
		{7BA98089-5FC0-45E7-9296-3C8DAD4D83CF}.Release|x86.Build.0 = Release|Any CPU
	EndGlobalSection
	GlobalSection(SolutionProperties) = preSolution
		HideSolutionNode = FALSE
	EndGlobalSection
EndGlobal
